
Microsoft Visual Studio Solution File, Format Version 12.00
# Visual Studio Version 17
VisualStudioVersion = 17.0.31410.414
MinimumVisualStudioVersion = 10.0.40219.1
Project("{9A19103F-16F7-4668-BE54-9A1E7A4F7556}") = "H1EMU-Launcher", "H1EMU-Launcher\H1EMU-Launcher.csproj", "{22269C9B-8C8A-4C97-8E8D-79110E4D2B8E}"
EndProject
Global
	GlobalSection(SolutionConfigurationPlatforms) = preSolution
		Debug|Any CPU = Debug|Any CPU
		Release|Any CPU = Release|Any CPU
	EndGlobalSection
	GlobalSection(ProjectConfigurationPlatforms) = postSolution
		{22269C9B-8C8A-4C97-8E8D-79110E4D2B8E}.Debug|Any CPU.ActiveCfg = Debug|Any CPU
		{22269C9B-8C8A-4C97-8E8D-79110E4D2B8E}.Debug|Any CPU.Build.0 = Debug|Any CPU
		{22269C9B-8C8A-4C97-8E8D-79110E4D2B8E}.Release|Any CPU.ActiveCfg = Release|Any CPU
		{22269C9B-8C8A-4C97-8E8D-79110E4D2B8E}.Release|Any CPU.Build.0 = Release|Any CPU
	EndGlobalSection
	GlobalSection(SolutionProperties) = preSolution
		HideSolutionNode = FALSE
	EndGlobalSection
	GlobalSection(ExtensibilityGlobals) = postSolution
		SolutionGuid = {FEC2EC17-AD1F-47A3-B16D-3BD136F8A51B}
	EndGlobalSection
EndGlobal
