
Microsoft Visual Studio Solution File, Format Version 12.00
# Visual Studio Version 17
VisualStudioVersion = 17.4.33103.184
MinimumVisualStudioVersion = 10.0.40219.1
Project("{54435603-DBB4-11D2-8724-00A0C9A8B90C}") = "H1Emu Launcher Setup", "H1Emu Launcher Setup\H1Emu Launcher Setup.vdproj", "{19B69C8C-D8AB-4B95-9112-2D81EC1F2013}"
EndProject
Project("{9A19103F-16F7-4668-BE54-9A1E7A4F7556}") = "H1Emu Launcher", "H1Emu Launcher\H1Emu Launcher.csproj", "{F1A9DE00-401E-4F94-B09A-50F1CF5D6E93}"
EndProject
Project("{2150E333-8FDC-42A3-9474-1A3956D46DE8}") = "Solution Items", "Solution Items", "{D098C48F-2482-4C55-B106-6DF7C98E5AA9}"
	ProjectSection(SolutionItems) = preProject
		.editorconfig = .editorconfig
	EndProjectSection
EndProject
Global
	GlobalSection(SolutionConfigurationPlatforms) = preSolution
		All|Any CPU = All|Any CPU
		Debug|Any CPU = Debug|Any CPU
		Release|Any CPU = Release|Any CPU
	EndGlobalSection
	GlobalSection(ProjectConfigurationPlatforms) = postSolution
		{19B69C8C-D8AB-4B95-9112-2D81EC1F2013}.All|Any CPU.ActiveCfg = Debug
		{19B69C8C-D8AB-4B95-9112-2D81EC1F2013}.Debug|Any CPU.ActiveCfg = Debug
		{19B69C8C-D8AB-4B95-9112-2D81EC1F2013}.Release|Any CPU.ActiveCfg = Release
		{F1A9DE00-401E-4F94-B09A-50F1CF5D6E93}.All|Any CPU.ActiveCfg = Debug|Any CPU
		{F1A9DE00-401E-4F94-B09A-50F1CF5D6E93}.All|Any CPU.Build.0 = Debug|Any CPU
		{F1A9DE00-401E-4F94-B09A-50F1CF5D6E93}.Debug|Any CPU.ActiveCfg = Debug|Any CPU
		{F1A9DE00-401E-4F94-B09A-50F1CF5D6E93}.Debug|Any CPU.Build.0 = Debug|Any CPU
		{F1A9DE00-401E-4F94-B09A-50F1CF5D6E93}.Release|Any CPU.ActiveCfg = Release|Any CPU
		{F1A9DE00-401E-4F94-B09A-50F1CF5D6E93}.Release|Any CPU.Build.0 = Release|Any CPU
	EndGlobalSection
	GlobalSection(SolutionProperties) = preSolution
		HideSolutionNode = FALSE
	EndGlobalSection
	GlobalSection(ExtensibilityGlobals) = postSolution
		SolutionGuid = {FEC2EC17-AD1F-47A3-B16D-3BD136F8A51B}
	EndGlobalSection
EndGlobal
